
Microsoft Visual Studio Solution File, Format Version 12.00
# Visual Studio Version 17
VisualStudioVersion = 17.3.32922.545
MinimumVisualStudioVersion = 10.0.40219.1
Project("{FAE04EC0-301F-11D3-BF4B-00C04F79EFBC}") = "FibonacciSeries", "FibonacciSeries\FibonacciSeries.csproj", "{A929F5D1-C593-4991-8EC3-343B18AFC9CD}"
EndProject
Global
	GlobalSection(SolutionConfigurationPlatforms) = preSolution
		Debug|Any CPU = Debug|Any CPU
		Release|Any CPU = Release|Any CPU
	EndGlobalSection
	GlobalSection(ProjectConfigurationPlatforms) = postSolution
		{A929F5D1-C593-4991-8EC3-343B18AFC9CD}.Debug|Any CPU.ActiveCfg = Debug|Any CPU
		{A929F5D1-C593-4991-8EC3-343B18AFC9CD}.Debug|Any CPU.Build.0 = Debug|Any CPU
		{A929F5D1-C593-4991-8EC3-343B18AFC9CD}.Release|Any CPU.ActiveCfg = Release|Any CPU
		{A929F5D1-C593-4991-8EC3-343B18AFC9CD}.Release|Any CPU.Build.0 = Release|Any CPU
	EndGlobalSection
	GlobalSection(SolutionProperties) = preSolution
		HideSolutionNode = FALSE
	EndGlobalSection
	GlobalSection(ExtensibilityGlobals) = postSolution
		SolutionGuid = {041EDC01-53FB-42D8-B9C6-1724D96D5047}
	EndGlobalSection
EndGlobal
